
Microsoft Visual Studio Solution File, Format Version 12.00
# Visual Studio Version 17
VisualStudioVersion = 17.0.32126.317
MinimumVisualStudioVersion = 10.0.40219.1
Project("{FAE04EC0-301F-11D3-BF4B-00C04F79EFBC}") = "FileUplodDownLoadSample", "FileUplodDownLoadSample.csproj", "{AF39E290-FE67-494E-8C46-CDF24BF2CECA}"
EndProject
Global
	GlobalSection(SolutionConfigurationPlatforms) = preSolution
		Debug|Any CPU = Debug|Any CPU
		Release|Any CPU = Release|Any CPU
	EndGlobalSection
	GlobalSection(ProjectConfigurationPlatforms) = postSolution
		{AF39E290-FE67-494E-8C46-CDF24BF2CECA}.Debug|Any CPU.ActiveCfg = Debug|Any CPU
		{AF39E290-FE67-494E-8C46-CDF24BF2CECA}.Debug|Any CPU.Build.0 = Debug|Any CPU
		{AF39E290-FE67-494E-8C46-CDF24BF2CECA}.Release|Any CPU.ActiveCfg = Release|Any CPU
		{AF39E290-FE67-494E-8C46-CDF24BF2CECA}.Release|Any CPU.Build.0 = Release|Any CPU
	EndGlobalSection
	GlobalSection(SolutionProperties) = preSolution
		HideSolutionNode = FALSE
	EndGlobalSection
	GlobalSection(ExtensibilityGlobals) = postSolution
		SolutionGuid = {00943B86-84B1-4C19-857D-656AF3961485}
	EndGlobalSection
EndGlobal
